// !$*UTF8*$!
{
	archiveVersion = 1;
	classes = {
	};
	objectVersion = 46;
	objects = {

/* Begin PBXBuildFile section */
		4FE11FA91EF1DACF005060E2 /* LoginViewController.swift in Sources */ = {isa = PBXBuildFile; fileRef = 4FE11FA81EF1DACF005060E2 /* LoginViewController.swift */; };
		4FE11FAC1EF1DD96005060E2 /* Are You Ready?.xcdatamodeld in Sources */ = {isa = PBXBuildFile; fileRef = 4FE11FAA1EF1DD96005060E2 /* Are You Ready?.xcdatamodeld */; };
		4FE11FAE1EF1ED65005060E2 /* GroupTableViewController.swift in Sources */ = {isa = PBXBuildFile; fileRef = 4FE11FAD1EF1ED65005060E2 /* GroupTableViewController.swift */; };
		4FE11FB21EF2062E005060E2 /* MainViewController.swift in Sources */ = {isa = PBXBuildFile; fileRef = 4FE11FB11EF2062E005060E2 /* MainViewController.swift */; };
		4FE11FB41EF2F9AB005060E2 /* AddEventTableViewController.swift in Sources */ = {isa = PBXBuildFile; fileRef = 4FE11FB31EF2F9AB005060E2 /* AddEventTableViewController.swift */; };
		4FE11FB61EF2FF63005060E2 /* Cell1TableViewCell.swift in Sources */ = {isa = PBXBuildFile; fileRef = 4FE11FB51EF2FF63005060E2 /* Cell1TableViewCell.swift */; };
		4FE11FBA1EF34766005060E2 /* RadioButton.swift in Sources */ = {isa = PBXBuildFile; fileRef = 4FE11FB91EF34766005060E2 /* RadioButton.swift */; };
		4FE11FBC1EF3708C005060E2 /* MeetUpTypeTableViewCell.swift in Sources */ = {isa = PBXBuildFile; fileRef = 4FE11FBB1EF3708C005060E2 /* MeetUpTypeTableViewCell.swift */; };
		4FE11FBE1EF379D9005060E2 /* MeetSpotTableViewCell.swift in Sources */ = {isa = PBXBuildFile; fileRef = 4FE11FBD1EF379D9005060E2 /* MeetSpotTableViewCell.swift */; };
		4FE11FC01EF4891C005060E2 /* ReadyTimeTableViewCell.swift in Sources */ = {isa = PBXBuildFile; fileRef = 4FE11FBF1EF4891C005060E2 /* ReadyTimeTableViewCell.swift */; };
		4FE11FC21EF48D61005060E2 /* MeetUpDateTableViewCell.swift in Sources */ = {isa = PBXBuildFile; fileRef = 4FE11FC11EF48D61005060E2 /* MeetUpDateTableViewCell.swift */; };
		4FE11FC41EF493C1005060E2 /* WhatsUpTableViewCell.swift in Sources */ = {isa = PBXBuildFile; fileRef = 4FE11FC31EF493C1005060E2 /* WhatsUpTableViewCell.swift */; };
		AF34FFEA1ECCC43400029391 /* AppDelegate.swift in Sources */ = {isa = PBXBuildFile; fileRef = AF34FFE91ECCC43400029391 /* AppDelegate.swift */; };
		AF34FFEC1ECCC43400029391 /* ViewController.swift in Sources */ = {isa = PBXBuildFile; fileRef = AF34FFEB1ECCC43400029391 /* ViewController.swift */; };
		AF34FFEF1ECCC43400029391 /* Main.storyboard in Resources */ = {isa = PBXBuildFile; fileRef = AF34FFED1ECCC43400029391 /* Main.storyboard */; };
		AF34FFF11ECCC43400029391 /* Assets.xcassets in Resources */ = {isa = PBXBuildFile; fileRef = AF34FFF01ECCC43400029391 /* Assets.xcassets */; };
		AF34FFF41ECCC43400029391 /* LaunchScreen.storyboard in Resources */ = {isa = PBXBuildFile; fileRef = AF34FFF21ECCC43400029391 /* LaunchScreen.storyboard */; };
		AF34FFFC1ECCC9DA00029391 /* AreYouReadyAPI.swift in Sources */ = {isa = PBXBuildFile; fileRef = AF34FFFB1ECCC9DA00029391 /* AreYouReadyAPI.swift */; };
		AF3A589C1EE610EC00EB4919 /* AYRUser.swift in Sources */ = {isa = PBXBuildFile; fileRef = AF3A589B1EE610EC00EB4919 /* AYRUser.swift */; };
		AF3A589E1EE6116200EB4919 /* AYRGroup.swift in Sources */ = {isa = PBXBuildFile; fileRef = AF3A589D1EE6116200EB4919 /* AYRGroup.swift */; };
		AF463E141EF786FA00942244 /* MyEventsTableViewController.swift in Sources */ = {isa = PBXBuildFile; fileRef = AF463E131EF786FA00942244 /* MyEventsTableViewController.swift */; };
		AF463E161EF7877600942244 /* MyEventsTableViewCell.swift in Sources */ = {isa = PBXBuildFile; fileRef = AF463E151EF7877600942244 /* MyEventsTableViewCell.swift */; };
		AF61D4771EF228E100063168 /* AYREvent.swift in Sources */ = {isa = PBXBuildFile; fileRef = AF61D4761EF228E100063168 /* AYREvent.swift */; };
		AF61D4791EF32D4B00063168 /* AYRJsonError.swift in Sources */ = {isa = PBXBuildFile; fileRef = AF61D4781EF32D4B00063168 /* AYRJsonError.swift */; };
/* End PBXBuildFile section */

/* Begin PBXFileReference section */
		4FE11FA81EF1DACF005060E2 /* LoginViewController.swift */ = {isa = PBXFileReference; fileEncoding = 4; lastKnownFileType = sourcecode.swift; path = LoginViewController.swift; sourceTree = "<group>"; };
		4FE11FAB1EF1DD96005060E2 /* Are You Ready?.xcdatamodel */ = {isa = PBXFileReference; lastKnownFileType = wrapper.xcdatamodel; path = "Are You Ready?.xcdatamodel"; sourceTree = "<group>"; };
		4FE11FAD1EF1ED65005060E2 /* GroupTableViewController.swift */ = {isa = PBXFileReference; fileEncoding = 4; lastKnownFileType = sourcecode.swift; path = GroupTableViewController.swift; sourceTree = "<group>"; };
		4FE11FB11EF2062E005060E2 /* MainViewController.swift */ = {isa = PBXFileReference; fileEncoding = 4; lastKnownFileType = sourcecode.swift; path = MainViewController.swift; sourceTree = "<group>"; };
		4FE11FB31EF2F9AB005060E2 /* AddEventTableViewController.swift */ = {isa = PBXFileReference; fileEncoding = 4; lastKnownFileType = sourcecode.swift; path = AddEventTableViewController.swift; sourceTree = "<group>"; };
		4FE11FB51EF2FF63005060E2 /* Cell1TableViewCell.swift */ = {isa = PBXFileReference; fileEncoding = 4; lastKnownFileType = sourcecode.swift; path = Cell1TableViewCell.swift; sourceTree = "<group>"; };
		4FE11FB91EF34766005060E2 /* RadioButton.swift */ = {isa = PBXFileReference; fileEncoding = 4; lastKnownFileType = sourcecode.swift; path = RadioButton.swift; sourceTree = "<group>"; };
		4FE11FBB1EF3708C005060E2 /* MeetUpTypeTableViewCell.swift */ = {isa = PBXFileReference; fileEncoding = 4; lastKnownFileType = sourcecode.swift; path = MeetUpTypeTableViewCell.swift; sourceTree = "<group>"; };
		4FE11FBD1EF379D9005060E2 /* MeetSpotTableViewCell.swift */ = {isa = PBXFileReference; fileEncoding = 4; lastKnownFileType = sourcecode.swift; path = MeetSpotTableViewCell.swift; sourceTree = "<group>"; };
		4FE11FBF1EF4891C005060E2 /* ReadyTimeTableViewCell.swift */ = {isa = PBXFileReference; fileEncoding = 4; lastKnownFileType = sourcecode.swift; path = ReadyTimeTableViewCell.swift; sourceTree = "<group>"; };
		4FE11FC11EF48D61005060E2 /* MeetUpDateTableViewCell.swift */ = {isa = PBXFileReference; fileEncoding = 4; lastKnownFileType = sourcecode.swift; path = MeetUpDateTableViewCell.swift; sourceTree = "<group>"; };
		4FE11FC31EF493C1005060E2 /* WhatsUpTableViewCell.swift */ = {isa = PBXFileReference; fileEncoding = 4; lastKnownFileType = sourcecode.swift; path = WhatsUpTableViewCell.swift; sourceTree = "<group>"; };
		AF34FFE61ECCC43400029391 /* Are You Ready?.app */ = {isa = PBXFileReference; explicitFileType = wrapper.application; includeInIndex = 0; path = "Are You Ready?.app"; sourceTree = BUILT_PRODUCTS_DIR; };
		AF34FFE91ECCC43400029391 /* AppDelegate.swift */ = {isa = PBXFileReference; lastKnownFileType = sourcecode.swift; path = AppDelegate.swift; sourceTree = "<group>"; };
		AF34FFEB1ECCC43400029391 /* ViewController.swift */ = {isa = PBXFileReference; lastKnownFileType = sourcecode.swift; path = ViewController.swift; sourceTree = "<group>"; };
		AF34FFEE1ECCC43400029391 /* Base */ = {isa = PBXFileReference; lastKnownFileType = file.storyboard; name = Base; path = Base.lproj/Main.storyboard; sourceTree = "<group>"; };
		AF34FFF01ECCC43400029391 /* Assets.xcassets */ = {isa = PBXFileReference; lastKnownFileType = folder.assetcatalog; path = Assets.xcassets; sourceTree = "<group>"; };
		AF34FFF31ECCC43400029391 /* Base */ = {isa = PBXFileReference; lastKnownFileType = file.storyboard; name = Base; path = Base.lproj/LaunchScreen.storyboard; sourceTree = "<group>"; };
		AF34FFF51ECCC43400029391 /* Info.plist */ = {isa = PBXFileReference; lastKnownFileType = text.plist.xml; path = Info.plist; sourceTree = "<group>"; };
		AF34FFFB1ECCC9DA00029391 /* AreYouReadyAPI.swift */ = {isa = PBXFileReference; fileEncoding = 4; lastKnownFileType = sourcecode.swift; path = AreYouReadyAPI.swift; sourceTree = "<group>"; };
		AF3A589B1EE610EC00EB4919 /* AYRUser.swift */ = {isa = PBXFileReference; fileEncoding = 4; lastKnownFileType = sourcecode.swift; path = AYRUser.swift; sourceTree = "<group>"; };
		AF3A589D1EE6116200EB4919 /* AYRGroup.swift */ = {isa = PBXFileReference; fileEncoding = 4; lastKnownFileType = sourcecode.swift; path = AYRGroup.swift; sourceTree = "<group>"; };
		AF463E131EF786FA00942244 /* MyEventsTableViewController.swift */ = {isa = PBXFileReference; fileEncoding = 4; lastKnownFileType = sourcecode.swift; path = MyEventsTableViewController.swift; sourceTree = "<group>"; };
		AF463E151EF7877600942244 /* MyEventsTableViewCell.swift */ = {isa = PBXFileReference; fileEncoding = 4; lastKnownFileType = sourcecode.swift; path = MyEventsTableViewCell.swift; sourceTree = "<group>"; };
		AF61D4761EF228E100063168 /* AYREvent.swift */ = {isa = PBXFileReference; fileEncoding = 4; lastKnownFileType = sourcecode.swift; path = AYREvent.swift; sourceTree = "<group>"; };
		AF61D4781EF32D4B00063168 /* AYRJsonError.swift */ = {isa = PBXFileReference; fileEncoding = 4; lastKnownFileType = sourcecode.swift; path = AYRJsonError.swift; sourceTree = "<group>"; };
/* End PBXFileReference section */

/* Begin PBXFrameworksBuildPhase section */
		AF34FFE31ECCC43400029391 /* Frameworks */ = {
			isa = PBXFrameworksBuildPhase;
			buildActionMask = 2147483647;
			files = (
			);
			runOnlyForDeploymentPostprocessing = 0;
		};
/* End PBXFrameworksBuildPhase section */

/* Begin PBXGroup section */
		AF34FFDD1ECCC43400029391 = {
			isa = PBXGroup;
			children = (
				4FE11FAA1EF1DD96005060E2 /* Are You Ready?.xcdatamodeld */,
				AF34FFE81ECCC43400029391 /* Are You Ready? */,
				AF34FFE71ECCC43400029391 /* Products */,
			);
			sourceTree = "<group>";
		};
		AF34FFE71ECCC43400029391 /* Products */ = {
			isa = PBXGroup;
			children = (
				AF34FFE61ECCC43400029391 /* Are You Ready?.app */,
			);
			name = Products;
			sourceTree = "<group>";
		};
		AF34FFE81ECCC43400029391 /* Are You Ready? */ = {
			isa = PBXGroup;
			children = (
				AF9C722E1ECE1A210059CEB0 /* structures */,
				AF34FFE91ECCC43400029391 /* AppDelegate.swift */,
				AF34FFEB1ECCC43400029391 /* ViewController.swift */,
				AF34FFED1ECCC43400029391 /* Main.storyboard */,
				AF463E151EF7877600942244 /* MyEventsTableViewCell.swift */,
				AF463E131EF786FA00942244 /* MyEventsTableViewController.swift */,
				4FE11FBF1EF4891C005060E2 /* ReadyTimeTableViewCell.swift */,
				4FE11FB51EF2FF63005060E2 /* Cell1TableViewCell.swift */,
				4FE11FBB1EF3708C005060E2 /* MeetUpTypeTableViewCell.swift */,
				4FE11FBD1EF379D9005060E2 /* MeetSpotTableViewCell.swift */,
				4FE11FB31EF2F9AB005060E2 /* AddEventTableViewController.swift */,
				4FE11FC31EF493C1005060E2 /* WhatsUpTableViewCell.swift */,
				4FE11FC11EF48D61005060E2 /* MeetUpDateTableViewCell.swift */,
				4FE11FB91EF34766005060E2 /* RadioButton.swift */,
				4FE11FB11EF2062E005060E2 /* MainViewController.swift */,
				4FE11FAD1EF1ED65005060E2 /* GroupTableViewController.swift */,
				4FE11FA81EF1DACF005060E2 /* LoginViewController.swift */,
				AF34FFFB1ECCC9DA00029391 /* AreYouReadyAPI.swift */,
				AF34FFF01ECCC43400029391 /* Assets.xcassets */,
				AF34FFF21ECCC43400029391 /* LaunchScreen.storyboard */,
				AF34FFF51ECCC43400029391 /* Info.plist */,
			);
			path = "Are You Ready?";
			sourceTree = "<group>";
		};
		AF9C722E1ECE1A210059CEB0 /* structures */ = {
			isa = PBXGroup;
			children = (
				AF3A589D1EE6116200EB4919 /* AYRGroup.swift */,
				AF3A589B1EE610EC00EB4919 /* AYRUser.swift */,
				AF61D4761EF228E100063168 /* AYREvent.swift */,
				AF61D4781EF32D4B00063168 /* AYRJsonError.swift */,
			);
			name = structures;
			path = ..;
			sourceTree = "<group>";
		};
/* End PBXGroup section */

/* Begin PBXNativeTarget section */
		AF34FFE51ECCC43400029391 /* Are You Ready? */ = {
			isa = PBXNativeTarget;
			buildConfigurationList = AF34FFF81ECCC43400029391 /* Build configuration list for PBXNativeTarget "Are You Ready?" */;
			buildPhases = (
				AF34FFE21ECCC43400029391 /* Sources */,
				AF34FFE31ECCC43400029391 /* Frameworks */,
				AF34FFE41ECCC43400029391 /* Resources */,
			);
			buildRules = (
			);
			dependencies = (
			);
			name = "Are You Ready?";
			productName = "Are You Ready?";
			productReference = AF34FFE61ECCC43400029391 /* Are You Ready?.app */;
			productType = "com.apple.product-type.application";
		};
/* End PBXNativeTarget section */

/* Begin PBXProject section */
		AF34FFDE1ECCC43400029391 /* Project object */ = {
			isa = PBXProject;
			attributes = {
				LastSwiftUpdateCheck = 0830;
				LastUpgradeCheck = 0830;
				ORGANIZATIONNAME = "Markus Tran";
				TargetAttributes = {
					AF34FFE51ECCC43400029391 = {
						CreatedOnToolsVersion = 8.3.2;
						DevelopmentTeam = 2NKLZJVG9L;
						ProvisioningStyle = Automatic;
					};
				};
			};
			buildConfigurationList = AF34FFE11ECCC43400029391 /* Build configuration list for PBXProject "Are You Ready?" */;
			compatibilityVersion = "Xcode 3.2";
			developmentRegion = English;
			hasScannedForEncodings = 0;
			knownRegions = (
				en,
				Base,
			);
			mainGroup = AF34FFDD1ECCC43400029391;
			productRefGroup = AF34FFE71ECCC43400029391 /* Products */;
			projectDirPath = "";
			projectRoot = "";
			targets = (
				AF34FFE51ECCC43400029391 /* Are You Ready? */,
			);
		};
/* End PBXProject section */

/* Begin PBXResourcesBuildPhase section */
		AF34FFE41ECCC43400029391 /* Resources */ = {
			isa = PBXResourcesBuildPhase;
			buildActionMask = 2147483647;
			files = (
				AF34FFF41ECCC43400029391 /* LaunchScreen.storyboard in Resources */,
				AF34FFF11ECCC43400029391 /* Assets.xcassets in Resources */,
				AF34FFEF1ECCC43400029391 /* Main.storyboard in Resources */,
			);
			runOnlyForDeploymentPostprocessing = 0;
		};
/* End PBXResourcesBuildPhase section */

/* Begin PBXSourcesBuildPhase section */
		AF34FFE21ECCC43400029391 /* Sources */ = {
			isa = PBXSourcesBuildPhase;
			buildActionMask = 2147483647;
			files = (
				4FE11FB61EF2FF63005060E2 /* Cell1TableViewCell.swift in Sources */,
				4FE11FC41EF493C1005060E2 /* WhatsUpTableViewCell.swift in Sources */,
				AF463E161EF7877600942244 /* MyEventsTableViewCell.swift in Sources */,
				4FE11FBC1EF3708C005060E2 /* MeetUpTypeTableViewCell.swift in Sources */,
				4FE11FB41EF2F9AB005060E2 /* AddEventTableViewController.swift in Sources */,
				AF61D4791EF32D4B00063168 /* AYRJsonError.swift in Sources */,
				4FE11FA91EF1DACF005060E2 /* LoginViewController.swift in Sources */,
				AF34FFFC1ECCC9DA00029391 /* AreYouReadyAPI.swift in Sources */,
				AF34FFEC1ECCC43400029391 /* ViewController.swift in Sources */,
				4FE11FBE1EF379D9005060E2 /* MeetSpotTableViewCell.swift in Sources */,
				AF34FFEA1ECCC43400029391 /* AppDelegate.swift in Sources */,
				4FE11FC01EF4891C005060E2 /* ReadyTimeTableViewCell.swift in Sources */,
				4FE11FBA1EF34766005060E2 /* RadioButton.swift in Sources */,
				4FE11FAC1EF1DD96005060E2 /* Are You Ready?.xcdatamodeld in Sources */,
				4FE11FAE1EF1ED65005060E2 /* GroupTableViewController.swift in Sources */,
				AF463E141EF786FA00942244 /* MyEventsTableViewController.swift in Sources */,
				4FE11FC21EF48D61005060E2 /* MeetUpDateTableViewCell.swift in Sources */,
				4FE11FB21EF2062E005060E2 /* MainViewController.swift in Sources */,
				AF3A589C1EE610EC00EB4919 /* AYRUser.swift in Sources */,
				AF3A589E1EE6116200EB4919 /* AYRGroup.swift in Sources */,
				AF61D4771EF228E100063168 /* AYREvent.swift in Sources */,
			);
			runOnlyForDeploymentPostprocessing = 0;
		};
/* End PBXSourcesBuildPhase section */

/* Begin PBXVariantGroup section */
		AF34FFED1ECCC43400029391 /* Main.storyboard */ = {
			isa = PBXVariantGroup;
			children = (
				AF34FFEE1ECCC43400029391 /* Base */,
			);
			name = Main.storyboard;
			sourceTree = "<group>";
		};
		AF34FFF21ECCC43400029391 /* LaunchScreen.storyboard */ = {
			isa = PBXVariantGroup;
			children = (
				AF34FFF31ECCC43400029391 /* Base */,
			);
			name = LaunchScreen.storyboard;
			sourceTree = "<group>";
		};
/* End PBXVariantGroup section */

/* Begin XCBuildConfiguration section */
		AF34FFF61ECCC43400029391 /* Debug */ = {
			isa = XCBuildConfiguration;
			buildSettings = {
				ALWAYS_SEARCH_USER_PATHS = NO;
				CLANG_ANALYZER_NONNULL = YES;
				CLANG_ANALYZER_NUMBER_OBJECT_CONVERSION = YES_AGGRESSIVE;
				CLANG_CXX_LANGUAGE_STANDARD = "gnu++0x";
				CLANG_CXX_LIBRARY = "libc++";
				CLANG_ENABLE_MODULES = YES;
				CLANG_ENABLE_OBJC_ARC = YES;
				CLANG_WARN_BOOL_CONVERSION = YES;
				CLANG_WARN_CONSTANT_CONVERSION = YES;
				CLANG_WARN_DIRECT_OBJC_ISA_USAGE = YES_ERROR;
				CLANG_WARN_DOCUMENTATION_COMMENTS = YES;
				CLANG_WARN_EMPTY_BODY = YES;
				CLANG_WARN_ENUM_CONVERSION = YES;
				CLANG_WARN_INFINITE_RECURSION = YES;
				CLANG_WARN_INT_CONVERSION = YES;
				CLANG_WARN_OBJC_ROOT_CLASS = YES_ERROR;
				CLANG_WARN_SUSPICIOUS_MOVE = YES;
				CLANG_WARN_UNREACHABLE_CODE = YES;
				CLANG_WARN__DUPLICATE_METHOD_MATCH = YES;
				"CODE_SIGN_IDENTITY[sdk=iphoneos*]" = "iPhone Developer";
				COPY_PHASE_STRIP = NO;
				DEBUG_INFORMATION_FORMAT = dwarf;
				ENABLE_STRICT_OBJC_MSGSEND = YES;
				ENABLE_TESTABILITY = YES;
				GCC_C_LANGUAGE_STANDARD = gnu99;
				GCC_DYNAMIC_NO_PIC = NO;
				GCC_NO_COMMON_BLOCKS = YES;
				GCC_OPTIMIZATION_LEVEL = 0;
				GCC_PREPROCESSOR_DEFINITIONS = (
					"DEBUG=1",
					"$(inherited)",
				);
				GCC_WARN_64_TO_32_BIT_CONVERSION = YES;
				GCC_WARN_ABOUT_RETURN_TYPE = YES_ERROR;
				GCC_WARN_UNDECLARED_SELECTOR = YES;
				GCC_WARN_UNINITIALIZED_AUTOS = YES_AGGRESSIVE;
				GCC_WARN_UNUSED_FUNCTION = YES;
				GCC_WARN_UNUSED_VARIABLE = YES;
				IPHONEOS_DEPLOYMENT_TARGET = 10.3;
				MTL_ENABLE_DEBUG_INFO = YES;
				ONLY_ACTIVE_ARCH = YES;
				SDKROOT = iphoneos;
				SWIFT_ACTIVE_COMPILATION_CONDITIONS = DEBUG;
				SWIFT_OPTIMIZATION_LEVEL = "-Onone";
				TARGETED_DEVICE_FAMILY = "1,2";
			};
			name = Debug;
		};
		AF34FFF71ECCC43400029391 /* Release */ = {
			isa = XCBuildConfiguration;
			buildSettings = {
				ALWAYS_SEARCH_USER_PATHS = NO;
				CLANG_ANALYZER_NONNULL = YES;
				CLANG_ANALYZER_NUMBER_OBJECT_CONVERSION = YES_AGGRESSIVE;
				CLANG_CXX_LANGUAGE_STANDARD = "gnu++0x";
				CLANG_CXX_LIBRARY = "libc++";
				CLANG_ENABLE_MODULES = YES;
				CLANG_ENABLE_OBJC_ARC = YES;
				CLANG_WARN_BOOL_CONVERSION = YES;
				CLANG_WARN_CONSTANT_CONVERSION = YES;
				CLANG_WARN_DIRECT_OBJC_ISA_USAGE = YES_ERROR;
				CLANG_WARN_DOCUMENTATION_COMMENTS = YES;
				CLANG_WARN_EMPTY_BODY = YES;
				CLANG_WARN_ENUM_CONVERSION = YES;
				CLANG_WARN_INFINITE_RECURSION = YES;
				CLANG_WARN_INT_CONVERSION = YES;
				CLANG_WARN_OBJC_ROOT_CLASS = YES_ERROR;
				CLANG_WARN_SUSPICIOUS_MOVE = YES;
				CLANG_WARN_UNREACHABLE_CODE = YES;
				CLANG_WARN__DUPLICATE_METHOD_MATCH = YES;
				"CODE_SIGN_IDENTITY[sdk=iphoneos*]" = "iPhone Developer";
				COPY_PHASE_STRIP = NO;
				DEBUG_INFORMATION_FORMAT = "dwarf-with-dsym";
				ENABLE_NS_ASSERTIONS = NO;
				ENABLE_STRICT_OBJC_MSGSEND = YES;
				GCC_C_LANGUAGE_STANDARD = gnu99;
				GCC_NO_COMMON_BLOCKS = YES;
				GCC_WARN_64_TO_32_BIT_CONVERSION = YES;
				GCC_WARN_ABOUT_RETURN_TYPE = YES_ERROR;
				GCC_WARN_UNDECLARED_SELECTOR = YES;
				GCC_WARN_UNINITIALIZED_AUTOS = YES_AGGRESSIVE;
				GCC_WARN_UNUSED_FUNCTION = YES;
				GCC_WARN_UNUSED_VARIABLE = YES;
				IPHONEOS_DEPLOYMENT_TARGET = 10.3;
				MTL_ENABLE_DEBUG_INFO = NO;
				SDKROOT = iphoneos;
				SWIFT_OPTIMIZATION_LEVEL = "-Owholemodule";
				TARGETED_DEVICE_FAMILY = "1,2";
				VALIDATE_PRODUCT = YES;
			};
			name = Release;
		};
		AF34FFF91ECCC43400029391 /* Debug */ = {
			isa = XCBuildConfiguration;
			buildSettings = {
				ASSETCATALOG_COMPILER_APPICON_NAME = AppIcon;
				DEVELOPMENT_TEAM = 2NKLZJVG9L;
				INFOPLIST_FILE = "Are You Ready?/Info.plist";
				IPHONEOS_DEPLOYMENT_TARGET = 10.1;
				LD_RUNPATH_SEARCH_PATHS = "$(inherited) @executable_path/Frameworks";
				PRODUCT_BUNDLE_IDENTIFIER = "ayr.Are-You-Ready-";
				PRODUCT_NAME = "$(TARGET_NAME)";
				SWIFT_VERSION = 3.0;
			};
			name = Debug;
		};
		AF34FFFA1ECCC43400029391 /* Release */ = {
			isa = XCBuildConfiguration;
			buildSettings = {
				ASSETCATALOG_COMPILER_APPICON_NAME = AppIcon;
				DEVELOPMENT_TEAM = 2NKLZJVG9L;
				INFOPLIST_FILE = "Are You Ready?/Info.plist";
				IPHONEOS_DEPLOYMENT_TARGET = 10.1;
				LD_RUNPATH_SEARCH_PATHS = "$(inherited) @executable_path/Frameworks";
				PRODUCT_BUNDLE_IDENTIFIER = "ayr.Are-You-Ready-";
				PRODUCT_NAME = "$(TARGET_NAME)";
				SWIFT_VERSION = 3.0;
			};
			name = Release;
		};
/* End XCBuildConfiguration section */

/* Begin XCConfigurationList section */
		AF34FFE11ECCC43400029391 /* Build configuration list for PBXProject "Are You Ready?" */ = {
			isa = XCConfigurationList;
			buildConfigurations = (
				AF34FFF61ECCC43400029391 /* Debug */,
				AF34FFF71ECCC43400029391 /* Release */,
			);
			defaultConfigurationIsVisible = 0;
			defaultConfigurationName = Release;
		};
		AF34FFF81ECCC43400029391 /* Build configuration list for PBXNativeTarget "Are You Ready?" */ = {
			isa = XCConfigurationList;
			buildConfigurations = (
				AF34FFF91ECCC43400029391 /* Debug */,
				AF34FFFA1ECCC43400029391 /* Release */,
			);
			defaultConfigurationIsVisible = 0;
			defaultConfigurationName = Release;
		};
/* End XCConfigurationList section */

/* Begin XCVersionGroup section */
		4FE11FAA1EF1DD96005060E2 /* Are You Ready?.xcdatamodeld */ = {
			isa = XCVersionGroup;
			children = (
				4FE11FAB1EF1DD96005060E2 /* Are You Ready?.xcdatamodel */,
			);
			currentVersion = 4FE11FAB1EF1DD96005060E2 /* Are You Ready?.xcdatamodel */;
			path = "Are You Ready?.xcdatamodeld";
			sourceTree = "<group>";
			versionGroupType = wrapper.xcdatamodel;
		};
/* End XCVersionGroup section */
	};
	rootObject = AF34FFDE1ECCC43400029391 /* Project object */;
}
